
Microsoft Visual Studio Solution File, Format Version 12.00
# Visual Studio Version 16
VisualStudioVersion = 16.0.32228.343
MinimumVisualStudioVersion = 10.0.40219.1
Project("{8BC9CEB8-8B4A-11D0-8D11-00A0C91BC942}") = "C15", "C15\C15.vcxproj", "{7223E8F6-C16F-408B-8992-55B863498BA5}"
EndProject
Global
	GlobalSection(SolutionConfigurationPlatforms) = preSolution
		Debug|x64 = Debug|x64
		Debug|x86 = Debug|x86
		Release|x64 = Release|x64
		Release|x86 = Release|x86
	EndGlobalSection
	GlobalSection(ProjectConfigurationPlatforms) = postSolution
		{7223E8F6-C16F-408B-8992-55B863498BA5}.Debug|x64.ActiveCfg = Debug|x64
		{7223E8F6-C16F-408B-8992-55B863498BA5}.Debug|x64.Build.0 = Debug|x64
		{7223E8F6-C16F-408B-8992-55B863498BA5}.Debug|x86.ActiveCfg = Debug|Win32
		{7223E8F6-C16F-408B-8992-55B863498BA5}.Debug|x86.Build.0 = Debug|Win32
		{7223E8F6-C16F-408B-8992-55B863498BA5}.Release|x64.ActiveCfg = Release|x64
		{7223E8F6-C16F-408B-8992-55B863498BA5}.Release|x64.Build.0 = Release|x64
		{7223E8F6-C16F-408B-8992-55B863498BA5}.Release|x86.ActiveCfg = Release|Win32
		{7223E8F6-C16F-408B-8992-55B863498BA5}.Release|x86.Build.0 = Release|Win32
	EndGlobalSection
	GlobalSection(SolutionProperties) = preSolution
		HideSolutionNode = FALSE
	EndGlobalSection
	GlobalSection(ExtensibilityGlobals) = postSolution
		SolutionGuid = {0471D2C0-CFE7-42B8-AFCA-B0E5E4E87F36}
	EndGlobalSection
EndGlobal
