
Microsoft Visual Studio Solution File, Format Version 12.00
# Visual Studio Version 17
VisualStudioVersion = 17.4.33110.190
MinimumVisualStudioVersion = 10.0.40219.1
Project("{8BC9CEB8-8B4A-11D0-8D11-00A0C91BC942}") = "图的存储结构", "邻接表\邻接表.vcxproj", "{6D171058-5CCC-4C74-9CFD-DF581A3A69E8}"
EndProject
Project("{8BC9CEB8-8B4A-11D0-8D11-00A0C91BC942}") = "图算法", "算法\算法.vcxproj", "{DE112DDB-E37F-470D-B281-6FE515274B1D}"
EndProject
Global
	GlobalSection(SolutionConfigurationPlatforms) = preSolution
		Debug|x64 = Debug|x64
		Debug|x86 = Debug|x86
		Release|x64 = Release|x64
		Release|x86 = Release|x86
	EndGlobalSection
	GlobalSection(ProjectConfigurationPlatforms) = postSolution
		{6D171058-5CCC-4C74-9CFD-DF581A3A69E8}.Debug|x64.ActiveCfg = Debug|x64
		{6D171058-5CCC-4C74-9CFD-DF581A3A69E8}.Debug|x64.Build.0 = Debug|x64
		{6D171058-5CCC-4C74-9CFD-DF581A3A69E8}.Debug|x86.ActiveCfg = Debug|Win32
		{6D171058-5CCC-4C74-9CFD-DF581A3A69E8}.Debug|x86.Build.0 = Debug|Win32
		{6D171058-5CCC-4C74-9CFD-DF581A3A69E8}.Release|x64.ActiveCfg = Release|x64
		{6D171058-5CCC-4C74-9CFD-DF581A3A69E8}.Release|x64.Build.0 = Release|x64
		{6D171058-5CCC-4C74-9CFD-DF581A3A69E8}.Release|x86.ActiveCfg = Release|Win32
		{6D171058-5CCC-4C74-9CFD-DF581A3A69E8}.Release|x86.Build.0 = Release|Win32
		{DE112DDB-E37F-470D-B281-6FE515274B1D}.Debug|x64.ActiveCfg = Debug|x64
		{DE112DDB-E37F-470D-B281-6FE515274B1D}.Debug|x64.Build.0 = Debug|x64
		{DE112DDB-E37F-470D-B281-6FE515274B1D}.Debug|x86.ActiveCfg = Debug|Win32
		{DE112DDB-E37F-470D-B281-6FE515274B1D}.Debug|x86.Build.0 = Debug|Win32
		{DE112DDB-E37F-470D-B281-6FE515274B1D}.Release|x64.ActiveCfg = Release|x64
		{DE112DDB-E37F-470D-B281-6FE515274B1D}.Release|x64.Build.0 = Release|x64
		{DE112DDB-E37F-470D-B281-6FE515274B1D}.Release|x86.ActiveCfg = Release|Win32
		{DE112DDB-E37F-470D-B281-6FE515274B1D}.Release|x86.Build.0 = Release|Win32
	EndGlobalSection
	GlobalSection(SolutionProperties) = preSolution
		HideSolutionNode = FALSE
	EndGlobalSection
	GlobalSection(ExtensibilityGlobals) = postSolution
		SolutionGuid = {C8E5185C-9863-4207-90C6-64A796DDA5E7}
	EndGlobalSection
EndGlobal
